{
  "version": 1,
  "dependencies": {
    "net10.0": {
      "Rti.ConnextDds": {
        "type": "Direct",
        "requested": "[7.7.0, )",
        "resolved": "7.7.0",
        "contentHash": "1904NCJjqQAj8kTW374GuSDUXuCjol6XpeW+5kdhXObKNc7AGqqKEQdoPVVmmO2DuolNeYJOOnXgnlV987HJHg==",
        "dependencies": {
          "Rti.ConnextDds.Native": "7.7.0"
        }
      },
      "Rti.ConnextDds.Native": {
        "type": "Transitive",
        "resolved": "7.7.0",
        "contentHash": "7aqV99/lJWMk6Bmddb30CLMs0rvSdtPi9EiWotnmYbzUkKXIacguZcLhhOTySQaWgaAQC2slDkAPeQJ8Y3v3Nw=="
      }
    }
  }
}